// !$*UTF8*$!
{
	archiveVersion = 1;
	classes = {
	};
	objectVersion = 46;
	objects = {

/* Begin PBXBuildFile section */
		EBA15E0D186E301400E0525F /* Foundation.framework in Frameworks */ = {isa = PBXBuildFile; fileRef = EBA15E0C186E301300E0525F /* Foundation.framework */; };
		EBA15E0F186E301400E0525F /* CoreGraphics.framework in Frameworks */ = {isa = PBXBuildFile; fileRef = EBA15E0E186E301400E0525F /* CoreGraphics.framework */; };
		EBA15E11186E301400E0525F /* UIKit.framework in Frameworks */ = {isa = PBXBuildFile; fileRef = EBA15E10186E301400E0525F /* UIKit.framework */; };
		EBA15E17186E301400E0525F /* InfoPlist.strings in Resources */ = {isa = PBXBuildFile; fileRef = EBA15E15186E301400E0525F /* InfoPlist.strings */; };
		EBA15E19186E301400E0525F /* main.m in Sources */ = {isa = PBXBuildFile; fileRef = EBA15E18186E301400E0525F /* main.m */; };
		EBA15E1D186E301400E0525F /* AppDelegate.m in Sources */ = {isa = PBXBuildFile; fileRef = EBA15E1C186E301400E0525F /* AppDelegate.m */; };
		EBA15E20186E301400E0525F /* Main.storyboard in Resources */ = {isa = PBXBuildFile; fileRef = EBA15E1E186E301400E0525F /* Main.storyboard */; };
		EBA15E23186E301400E0525F /* ViewController.m in Sources */ = {isa = PBXBuildFile; fileRef = EBA15E22186E301400E0525F /* ViewController.m */; };
		EBA15E25186E301400E0525F /* Images.xcassets in Resources */ = {isa = PBXBuildFile; fileRef = EBA15E24186E301400E0525F /* Images.xcassets */; };
		EBA15E2C186E301400E0525F /* XCTest.framework in Frameworks */ = {isa = PBXBuildFile; fileRef = EBA15E2B186E301400E0525F /* XCTest.framework */; };
		EBA15E2D186E301400E0525F /* Foundation.framework in Frameworks */ = {isa = PBXBuildFile; fileRef = EBA15E0C186E301300E0525F /* Foundation.framework */; };
		EBA15E2E186E301400E0525F /* UIKit.framework in Frameworks */ = {isa = PBXBuildFile; fileRef = EBA15E10186E301400E0525F /* UIKit.framework */; };
		EBA15E36186E301400E0525F /* InfoPlist.strings in Resources */ = {isa = PBXBuildFile; fileRef = EBA15E34186E301400E0525F /* InfoPlist.strings */; };
		EBA15E38186E301400E0525F /* MatchismoTests.m in Sources */ = {isa = PBXBuildFile; fileRef = EBA15E37186E301400E0525F /* MatchismoTests.m */; };
/* End PBXBuildFile section */

/* Begin PBXContainerItemProxy section */
		EBA15E2F186E301400E0525F /* PBXContainerItemProxy */ = {
			isa = PBXContainerItemProxy;
			containerPortal = EBA15E01186E301300E0525F /* Project object */;
			proxyType = 1;
			remoteGlobalIDString = EBA15E08186E301300E0525F;
			remoteInfo = Matchismo;
		};
/* End PBXContainerItemProxy section */

/* Begin PBXFileReference section */
		EBA15E09186E301300E0525F /* Matchismo.app */ = {isa = PBXFileReference; explicitFileType = wrapper.application; includeInIndex = 0; path = Matchismo.app; sourceTree = BUILT_PRODUCTS_DIR; };
		EBA15E0C186E301300E0525F /* Foundation.framework */ = {isa = PBXFileReference; lastKnownFileType = wrapper.framework; name = Foundation.framework; path = System/Library/Frameworks/Foundation.framework; sourceTree = SDKROOT; };
		EBA15E0E186E301400E0525F /* CoreGraphics.framework */ = {isa = PBXFileReference; lastKnownFileType = wrapper.framework; name = CoreGraphics.framework; path = System/Library/Frameworks/CoreGraphics.framework; sourceTree = SDKROOT; };
		EBA15E10186E301400E0525F /* UIKit.framework */ = {isa = PBXFileReference; lastKnownFileType = wrapper.framework; name = UIKit.framework; path = System/Library/Frameworks/UIKit.framework; sourceTree = SDKROOT; };
		EBA15E14186E301400E0525F /* Matchismo-Info.plist */ = {isa = PBXFileReference; lastKnownFileType = text.plist.xml; path = "Matchismo-Info.plist"; sourceTree = "<group>"; };
		EBA15E16186E301400E0525F /* en */ = {isa = PBXFileReference; lastKnownFileType = text.plist.strings; name = en; path = en.lproj/InfoPlist.strings; sourceTree = "<group>"; };
		EBA15E18186E301400E0525F /* main.m */ = {isa = PBXFileReference; lastKnownFileType = sourcecode.c.objc; path = main.m; sourceTree = "<group>"; };
		EBA15E1A186E301400E0525F /* Matchismo-Prefix.pch */ = {isa = PBXFileReference; lastKnownFileType = sourcecode.c.h; path = "Matchismo-Prefix.pch"; sourceTree = "<group>"; };
		EBA15E1B186E301400E0525F /* AppDelegate.h */ = {isa = PBXFileReference; lastKnownFileType = sourcecode.c.h; path = AppDelegate.h; sourceTree = "<group>"; };
		EBA15E1C186E301400E0525F /* AppDelegate.m */ = {isa = PBXFileReference; lastKnownFileType = sourcecode.c.objc; path = AppDelegate.m; sourceTree = "<group>"; };
		EBA15E1F186E301400E0525F /* Base */ = {isa = PBXFileReference; lastKnownFileType = file.storyboard; name = Base; path = Base.lproj/Main.storyboard; sourceTree = "<group>"; };
		EBA15E21186E301400E0525F /* ViewController.h */ = {isa = PBXFileReference; lastKnownFileType = sourcecode.c.h; path = ViewController.h; sourceTree = "<group>"; };
		EBA15E22186E301400E0525F /* ViewController.m */ = {isa = PBXFileReference; lastKnownFileType = sourcecode.c.objc; path = ViewController.m; sourceTree = "<group>"; };
		EBA15E24186E301400E0525F /* Images.xcassets */ = {isa = PBXFileReference; lastKnownFileType = folder.assetcatalog; path = Images.xcassets; sourceTree = "<group>"; };
		EBA15E2A186E301400E0525F /* MatchismoTests.xctest */ = {isa = PBXFileReference; explicitFileType = wrapper.cfbundle; includeInIndex = 0; path = MatchismoTests.xctest; sourceTree = BUILT_PRODUCTS_DIR; };
		EBA15E2B186E301400E0525F /* XCTest.framework */ = {isa = PBXFileReference; lastKnownFileType = wrapper.framework; name = XCTest.framework; path = Library/Frameworks/XCTest.framework; sourceTree = DEVELOPER_DIR; };
		EBA15E33186E301400E0525F /* MatchismoTests-Info.plist */ = {isa = PBXFileReference; lastKnownFileType = text.plist.xml; path = "MatchismoTests-Info.plist"; sourceTree = "<group>"; };
		EBA15E35186E301400E0525F /* en */ = {isa = PBXFileReference; lastKnownFileType = text.plist.strings; name = en; path = en.lproj/InfoPlist.strings; sourceTree = "<group>"; };
		EBA15E37186E301400E0525F /* MatchismoTests.m */ = {isa = PBXFileReference; lastKnownFileType = sourcecode.c.objc; path = MatchismoTests.m; sourceTree = "<group>"; };
/* End PBXFileReference section */

/* Begin PBXFrameworksBuildPhase section */
		EBA15E06186E301300E0525F /* Frameworks */ = {
			isa = PBXFrameworksBuildPhase;
			buildActionMask = 2147483647;
			files = (
				EBA15E0F186E301400E0525F /* CoreGraphics.framework in Frameworks */,
				EBA15E11186E301400E0525F /* UIKit.framework in Frameworks */,
				EBA15E0D186E301400E0525F /* Foundation.framework in Frameworks */,
			);
			runOnlyForDeploymentPostprocessing = 0;
		};
		EBA15E27186E301400E0525F /* Frameworks */ = {
			isa = PBXFrameworksBuildPhase;
			buildActionMask = 2147483647;
			files = (
				EBA15E2C186E301400E0525F /* XCTest.framework in Frameworks */,
				EBA15E2E186E301400E0525F /* UIKit.framework in Frameworks */,
				EBA15E2D186E301400E0525F /* Foundation.framework in Frameworks */,
			);
			runOnlyForDeploymentPostprocessing = 0;
		};
/* End PBXFrameworksBuildPhase section */

/* Begin PBXGroup section */
		EBA15E00186E301300E0525F = {
			isa = PBXGroup;
			children = (
				EBA15E12186E301400E0525F /* Matchismo */,
				EBA15E31186E301400E0525F /* MatchismoTests */,
				EBA15E0B186E301300E0525F /* Frameworks */,
				EBA15E0A186E301300E0525F /* Products */,
			);
			sourceTree = "<group>";
		};
		EBA15E0A186E301300E0525F /* Products */ = {
			isa = PBXGroup;
			children = (
				EBA15E09186E301300E0525F /* Matchismo.app */,
				EBA15E2A186E301400E0525F /* MatchismoTests.xctest */,
			);
			name = Products;
			sourceTree = "<group>";
		};
		EBA15E0B186E301300E0525F /* Frameworks */ = {
			isa = PBXGroup;
			children = (
				EBA15E0C186E301300E0525F /* Foundation.framework */,
				EBA15E0E186E301400E0525F /* CoreGraphics.framework */,
				EBA15E10186E301400E0525F /* UIKit.framework */,
				EBA15E2B186E301400E0525F /* XCTest.framework */,
			);
			name = Frameworks;
			sourceTree = "<group>";
		};
		EBA15E12186E301400E0525F /* Matchismo */ = {
			isa = PBXGroup;
			children = (
				EBA15E1B186E301400E0525F /* AppDelegate.h */,
				EBA15E1C186E301400E0525F /* AppDelegate.m */,
				EBA15E1E186E301400E0525F /* Main.storyboard */,
				EBA15E21186E301400E0525F /* ViewController.h */,
				EBA15E22186E301400E0525F /* ViewController.m */,
				EBA15E24186E301400E0525F /* Images.xcassets */,
				EBA15E13186E301400E0525F /* Supporting Files */,
			);
			path = Matchismo;
			sourceTree = "<group>";
		};
		EBA15E13186E301400E0525F /* Supporting Files */ = {
			isa = PBXGroup;
			children = (
				EBA15E14186E301400E0525F /* Matchismo-Info.plist */,
				EBA15E15186E301400E0525F /* InfoPlist.strings */,
				EBA15E18186E301400E0525F /* main.m */,
				EBA15E1A186E301400E0525F /* Matchismo-Prefix.pch */,
			);
			name = "Supporting Files";
			sourceTree = "<group>";
		};
		EBA15E31186E301400E0525F /* MatchismoTests */ = {
			isa = PBXGroup;
			children = (
				EBA15E37186E301400E0525F /* MatchismoTests.m */,
				EBA15E32186E301400E0525F /* Supporting Files */,
			);
			path = MatchismoTests;
			sourceTree = "<group>";
		};
		EBA15E32186E301400E0525F /* Supporting Files */ = {
			isa = PBXGroup;
			children = (
				EBA15E33186E301400E0525F /* MatchismoTests-Info.plist */,
				EBA15E34186E301400E0525F /* InfoPlist.strings */,
			);
			name = "Supporting Files";
			sourceTree = "<group>";
		};
/* End PBXGroup section */

/* Begin PBXNativeTarget section */
		EBA15E08186E301300E0525F /* Matchismo */ = {
			isa = PBXNativeTarget;
			buildConfigurationList = EBA15E3B186E301400E0525F /* Build configuration list for PBXNativeTarget "Matchismo" */;
			buildPhases = (
				EBA15E05186E301300E0525F /* Sources */,
				EBA15E06186E301300E0525F /* Frameworks */,
				EBA15E07186E301300E0525F /* Resources */,
			);
			buildRules = (
			);
			dependencies = (
			);
			name = Matchismo;
			productName = Matchismo;
			productReference = EBA15E09186E301300E0525F /* Matchismo.app */;
			productType = "com.apple.product-type.application";
		};
		EBA15E29186E301400E0525F /* MatchismoTests */ = {
			isa = PBXNativeTarget;
			buildConfigurationList = EBA15E3E186E301400E0525F /* Build configuration list for PBXNativeTarget "MatchismoTests" */;
			buildPhases = (
				EBA15E26186E301400E0525F /* Sources */,
				EBA15E27186E301400E0525F /* Frameworks */,
				EBA15E28186E301400E0525F /* Resources */,
			);
			buildRules = (
			);
			dependencies = (
				EBA15E30186E301400E0525F /* PBXTargetDependency */,
			);
			name = MatchismoTests;
			productName = MatchismoTests;
			productReference = EBA15E2A186E301400E0525F /* MatchismoTests.xctest */;
			productType = "com.apple.product-type.bundle.unit-test";
		};
/* End PBXNativeTarget section */

/* Begin PBXProject section */
		EBA15E01186E301300E0525F /* Project object */ = {
			isa = PBXProject;
			attributes = {
				LastUpgradeCheck = 0500;
				ORGANIZATIONNAME = "Ishang Bhan";
				TargetAttributes = {
					EBA15E29186E301400E0525F = {
						TestTargetID = EBA15E08186E301300E0525F;
					};
				};
			};
			buildConfigurationList = EBA15E04186E301300E0525F /* Build configuration list for PBXProject "Matchismo" */;
			compatibilityVersion = "Xcode 3.2";
			developmentRegion = English;
			hasScannedForEncodings = 0;
			knownRegions = (
				en,
				Base,
			);
			mainGroup = EBA15E00186E301300E0525F;
			productRefGroup = EBA15E0A186E301300E0525F /* Products */;
			projectDirPath = "";
			projectRoot = "";
			targets = (
				EBA15E08186E301300E0525F /* Matchismo */,
				EBA15E29186E301400E0525F /* MatchismoTests */,
			);
		};
/* End PBXProject section */

/* Begin PBXResourcesBuildPhase section */
		EBA15E07186E301300E0525F /* Resources */ = {
			isa = PBXResourcesBuildPhase;
			buildActionMask = 2147483647;
			files = (
				EBA15E25186E301400E0525F /* Images.xcassets in Resources */,
				EBA15E17186E301400E0525F /* InfoPlist.strings in Resources */,
				EBA15E20186E301400E0525F /* Main.storyboard in Resources */,
			);
			runOnlyForDeploymentPostprocessing = 0;
		};
		EBA15E28186E301400E0525F /* Resources */ = {
			isa = PBXResourcesBuildPhase;
			buildActionMask = 2147483647;
			files = (
				EBA15E36186E301400E0525F /* InfoPlist.strings in Resources */,
			);
			runOnlyForDeploymentPostprocessing = 0;
		};
/* End PBXResourcesBuildPhase section */

/* Begin PBXSourcesBuildPhase section */
		EBA15E05186E301300E0525F /* Sources */ = {
			isa = PBXSourcesBuildPhase;
			buildActionMask = 2147483647;
			files = (
				EBA15E23186E301400E0525F /* ViewController.m in Sources */,
				EBA15E1D186E301400E0525F /* AppDelegate.m in Sources */,
				EBA15E19186E301400E0525F /* main.m in Sources */,
			);
			runOnlyForDeploymentPostprocessing = 0;
		};
		EBA15E26186E301400E0525F /* Sources */ = {
			isa = PBXSourcesBuildPhase;
			buildActionMask = 2147483647;
			files = (
				EBA15E38186E301400E0525F /* MatchismoTests.m in Sources */,
			);
			runOnlyForDeploymentPostprocessing = 0;
		};
/* End PBXSourcesBuildPhase section */

/* Begin PBXTargetDependency section */
		EBA15E30186E301400E0525F /* PBXTargetDependency */ = {
			isa = PBXTargetDependency;
			target = EBA15E08186E301300E0525F /* Matchismo */;
			targetProxy = EBA15E2F186E301400E0525F /* PBXContainerItemProxy */;
		};
/* End PBXTargetDependency section */

/* Begin PBXVariantGroup section */
		EBA15E15186E301400E0525F /* InfoPlist.strings */ = {
			isa = PBXVariantGroup;
			children = (
				EBA15E16186E301400E0525F /* en */,
			);
			name = InfoPlist.strings;
			sourceTree = "<group>";
		};
		EBA15E1E186E301400E0525F /* Main.storyboard */ = {
			isa = PBXVariantGroup;
			children = (
				EBA15E1F186E301400E0525F /* Base */,
			);
			name = Main.storyboard;
			sourceTree = "<group>";
		};
		EBA15E34186E301400E0525F /* InfoPlist.strings */ = {
			isa = PBXVariantGroup;
			children = (
				EBA15E35186E301400E0525F /* en */,
			);
			name = InfoPlist.strings;
			sourceTree = "<group>";
		};
/* End PBXVariantGroup section */

/* Begin XCBuildConfiguration section */
		EBA15E39186E301400E0525F /* Debug */ = {
			isa = XCBuildConfiguration;
			buildSettings = {
				ALWAYS_SEARCH_USER_PATHS = NO;
				ARCHS = "$(ARCHS_STANDARD_INCLUDING_64_BIT)";
				CLANG_CXX_LANGUAGE_STANDARD = "gnu++0x";
				CLANG_CXX_LIBRARY = "libc++";
				CLANG_ENABLE_MODULES = YES;
				CLANG_ENABLE_OBJC_ARC = YES;
				CLANG_WARN_BOOL_CONVERSION = YES;
				CLANG_WARN_CONSTANT_CONVERSION = YES;
				CLANG_WARN_DIRECT_OBJC_ISA_USAGE = YES_ERROR;
				CLANG_WARN_EMPTY_BODY = YES;
				CLANG_WARN_ENUM_CONVERSION = YES;
				CLANG_WARN_INT_CONVERSION = YES;
				CLANG_WARN_OBJC_ROOT_CLASS = YES_ERROR;
				CLANG_WARN__DUPLICATE_METHOD_MATCH = YES;
				"CODE_SIGN_IDENTITY[sdk=iphoneos*]" = "iPhone Developer";
				COPY_PHASE_STRIP = NO;
				GCC_C_LANGUAGE_STANDARD = gnu99;
				GCC_DYNAMIC_NO_PIC = NO;
				GCC_OPTIMIZATION_LEVEL = 0;
				GCC_PREPROCESSOR_DEFINITIONS = (
					"DEBUG=1",
					"$(inherited)",
				);
				GCC_SYMBOLS_PRIVATE_EXTERN = NO;
				GCC_WARN_64_TO_32_BIT_CONVERSION = YES;
				GCC_WARN_ABOUT_RETURN_TYPE = YES_ERROR;
				GCC_WARN_UNDECLARED_SELECTOR = YES;
				GCC_WARN_UNINITIALIZED_AUTOS = YES;
				GCC_WARN_UNUSED_FUNCTION = YES;
				GCC_WARN_UNUSED_VARIABLE = YES;
				IPHONEOS_DEPLOYMENT_TARGET = 7.0;
				ONLY_ACTIVE_ARCH = YES;
				SDKROOT = iphoneos;
			};
			name = Debug;
		};
		EBA15E3A186E301400E0525F /* Release */ = {
			isa = XCBuildConfiguration;
			buildSettings = {
				ALWAYS_SEARCH_USER_PATHS = NO;
				ARCHS = "$(ARCHS_STANDARD_INCLUDING_64_BIT)";
				CLANG_CXX_LANGUAGE_STANDARD = "gnu++0x";
				CLANG_CXX_LIBRARY = "libc++";
				CLANG_ENABLE_MODULES = YES;
				CLANG_ENABLE_OBJC_ARC = YES;
				CLANG_WARN_BOOL_CONVERSION = YES;
				CLANG_WARN_CONSTANT_CONVERSION = YES;
				CLANG_WARN_DIRECT_OBJC_ISA_USAGE = YES_ERROR;
				CLANG_WARN_EMPTY_BODY = YES;
				CLANG_WARN_ENUM_CONVERSION = YES;
				CLANG_WARN_INT_CONVERSION = YES;
				CLANG_WARN_OBJC_ROOT_CLASS = YES_ERROR;
				CLANG_WARN__DUPLICATE_METHOD_MATCH = YES;
				"CODE_SIGN_IDENTITY[sdk=iphoneos*]" = "iPhone Developer";
				COPY_PHASE_STRIP = YES;
				ENABLE_NS_ASSERTIONS = NO;
				GCC_C_LANGUAGE_STANDARD = gnu99;
				GCC_WARN_64_TO_32_BIT_CONVERSION = YES;
				GCC_WARN_ABOUT_RETURN_TYPE = YES_ERROR;
				GCC_WARN_UNDECLARED_SELECTOR = YES;
				GCC_WARN_UNINITIALIZED_AUTOS = YES;
				GCC_WARN_UNUSED_FUNCTION = YES;
				GCC_WARN_UNUSED_VARIABLE = YES;
				IPHONEOS_DEPLOYMENT_TARGET = 7.0;
				SDKROOT = iphoneos;
				VALIDATE_PRODUCT = YES;
			};
			name = Release;
		};
		EBA15E3C186E301400E0525F /* Debug */ = {
			isa = XCBuildConfiguration;
			buildSettings = {
				ASSETCATALOG_COMPILER_APPICON_NAME = AppIcon;
				ASSETCATALOG_COMPILER_LAUNCHIMAGE_NAME = LaunchImage;
				GCC_PRECOMPILE_PREFIX_HEADER = YES;
				GCC_PREFIX_HEADER = "Matchismo/Matchismo-Prefix.pch";
				INFOPLIST_FILE = "Matchismo/Matchismo-Info.plist";
				PRODUCT_NAME = "$(TARGET_NAME)";
				WRAPPER_EXTENSION = app;
			};
			name = Debug;
		};
		EBA15E3D186E301400E0525F /* Release */ = {
			isa = XCBuildConfiguration;
			buildSettings = {
				ASSETCATALOG_COMPILER_APPICON_NAME = AppIcon;
				ASSETCATALOG_COMPILER_LAUNCHIMAGE_NAME = LaunchImage;
				GCC_PRECOMPILE_PREFIX_HEADER = YES;
				GCC_PREFIX_HEADER = "Matchismo/Matchismo-Prefix.pch";
				INFOPLIST_FILE = "Matchismo/Matchismo-Info.plist";
				PRODUCT_NAME = "$(TARGET_NAME)";
				WRAPPER_EXTENSION = app;
			};
			name = Release;
		};
		EBA15E3F186E301400E0525F /* Debug */ = {
			isa = XCBuildConfiguration;
			buildSettings = {
				ARCHS = "$(ARCHS_STANDARD_INCLUDING_64_BIT)";
				BUNDLE_LOADER = "$(BUILT_PRODUCTS_DIR)/Matchismo.app/Matchismo";
				FRAMEWORK_SEARCH_PATHS = (
					"$(SDKROOT)/Developer/Library/Frameworks",
					"$(inherited)",
					"$(DEVELOPER_FRAMEWORKS_DIR)",
				);
				GCC_PRECOMPILE_PREFIX_HEADER = YES;
				GCC_PREFIX_HEADER = "Matchismo/Matchismo-Prefix.pch";
				GCC_PREPROCESSOR_DEFINITIONS = (
					"DEBUG=1",
					"$(inherited)",
				);
				INFOPLIST_FILE = "MatchismoTests/MatchismoTests-Info.plist";
				PRODUCT_NAME = "$(TARGET_NAME)";
				TEST_HOST = "$(BUNDLE_LOADER)";
				WRAPPER_EXTENSION = xctest;
			};
			name = Debug;
		};
		EBA15E40186E301400E0525F /* Release */ = {
			isa = XCBuildConfiguration;
			buildSettings = {
				ARCHS = "$(ARCHS_STANDARD_INCLUDING_64_BIT)";
				BUNDLE_LOADER = "$(BUILT_PRODUCTS_DIR)/Matchismo.app/Matchismo";
				FRAMEWORK_SEARCH_PATHS = (
					"$(SDKROOT)/Developer/Library/Frameworks",
					"$(inherited)",
					"$(DEVELOPER_FRAMEWORKS_DIR)",
				);
				GCC_PRECOMPILE_PREFIX_HEADER = YES;
				GCC_PREFIX_HEADER = "Matchismo/Matchismo-Prefix.pch";
				INFOPLIST_FILE = "MatchismoTests/MatchismoTests-Info.plist";
				PRODUCT_NAME = "$(TARGET_NAME)";
				TEST_HOST = "$(BUNDLE_LOADER)";
				WRAPPER_EXTENSION = xctest;
			};
			name = Release;
		};
/* End XCBuildConfiguration section */

/* Begin XCConfigurationList section */
		EBA15E04186E301300E0525F /* Build configuration list for PBXProject "Matchismo" */ = {
			isa = XCConfigurationList;
			buildConfigurations = (
				EBA15E39186E301400E0525F /* Debug */,
				EBA15E3A186E301400E0525F /* Release */,
			);
			defaultConfigurationIsVisible = 0;
			defaultConfigurationName = Release;
		};
		EBA15E3B186E301400E0525F /* Build configuration list for PBXNativeTarget "Matchismo" */ = {
			isa = XCConfigurationList;
			buildConfigurations = (
				EBA15E3C186E301400E0525F /* Debug */,
				EBA15E3D186E301400E0525F /* Release */,
			);
			defaultConfigurationIsVisible = 0;
		};
		EBA15E3E186E301400E0525F /* Build configuration list for PBXNativeTarget "MatchismoTests" */ = {
			isa = XCConfigurationList;
			buildConfigurations = (
				EBA15E3F186E301400E0525F /* Debug */,
				EBA15E40186E301400E0525F /* Release */,
			);
			defaultConfigurationIsVisible = 0;
		};
/* End XCConfigurationList section */
	};
	rootObject = EBA15E01186E301300E0525F /* Project object */;
}
